
Microsoft Visual Studio Solution File, Format Version 12.00
# Visual Studio Version 16
VisualStudioVersion = 16.0.33801.447
MinimumVisualStudioVersion = 10.0.40219.1
Project("{8BC9CEB8-8B4A-11D0-8D11-00A0C91BC942}") = "FileIO_XlsvToCSVConverter", "FileIO_XlsvToCSVConverter\FileIO_XlsvToCSVConverter.vcxproj", "{899AA30E-D549-44A9-84C7-8B7FBFB1DC2B}"
EndProject
Global
	GlobalSection(SolutionConfigurationPlatforms) = preSolution
		Debug|x64 = Debug|x64
		Debug|x86 = Debug|x86
		Release|x64 = Release|x64
		Release|x86 = Release|x86
	EndGlobalSection
	GlobalSection(ProjectConfigurationPlatforms) = postSolution
		{899AA30E-D549-44A9-84C7-8B7FBFB1DC2B}.Debug|x64.ActiveCfg = Debug|x64
		{899AA30E-D549-44A9-84C7-8B7FBFB1DC2B}.Debug|x64.Build.0 = Debug|x64
		{899AA30E-D549-44A9-84C7-8B7FBFB1DC2B}.Debug|x86.ActiveCfg = Debug|Win32
		{899AA30E-D549-44A9-84C7-8B7FBFB1DC2B}.Debug|x86.Build.0 = Debug|Win32
		{899AA30E-D549-44A9-84C7-8B7FBFB1DC2B}.Release|x64.ActiveCfg = Release|x64
		{899AA30E-D549-44A9-84C7-8B7FBFB1DC2B}.Release|x64.Build.0 = Release|x64
		{899AA30E-D549-44A9-84C7-8B7FBFB1DC2B}.Release|x86.ActiveCfg = Release|Win32
		{899AA30E-D549-44A9-84C7-8B7FBFB1DC2B}.Release|x86.Build.0 = Release|Win32
	EndGlobalSection
	GlobalSection(SolutionProperties) = preSolution
		HideSolutionNode = FALSE
	EndGlobalSection
	GlobalSection(ExtensibilityGlobals) = postSolution
		SolutionGuid = {5D578E5C-1527-4755-A3E2-AAF092F0CF9A}
	EndGlobalSection
EndGlobal
